
Microsoft Visual Studio Solution File, Format Version 11.00
# Visual Studio 2010
Project("{FAE04EC0-301F-11D3-BF4B-00C04F79EFBC}") = "UnwindTicket", "UnwindTicket\UnwindTicket.csproj", "{7B17C053-3A91-4A18-9E5C-E25BB7CF27F0}"
EndProject
Global
	GlobalSection(SolutionConfigurationPlatforms) = preSolution
		Debug|x86 = Debug|x86
		Release|x86 = Release|x86
	EndGlobalSection
	GlobalSection(ProjectConfigurationPlatforms) = postSolution
		{7B17C053-3A91-4A18-9E5C-E25BB7CF27F0}.Debug|x86.ActiveCfg = Debug|x86
		{7B17C053-3A91-4A18-9E5C-E25BB7CF27F0}.Debug|x86.Build.0 = Debug|x86
		{7B17C053-3A91-4A18-9E5C-E25BB7CF27F0}.Release|x86.ActiveCfg = Release|x86
		{7B17C053-3A91-4A18-9E5C-E25BB7CF27F0}.Release|x86.Build.0 = Release|x86
	EndGlobalSection
	GlobalSection(SolutionProperties) = preSolution
		HideSolutionNode = FALSE
	EndGlobalSection
EndGlobal
